
Microsoft Visual Studio Solution File, Format Version 12.00
# Visual Studio Version 17
VisualStudioVersion = 17.0.31612.314
MinimumVisualStudioVersion = 10.0.40219.1
Project("{9A19103F-16F7-4668-BE54-9A1E7A4F7556}") = "GreatIdeas.Blazor", "GreatIdeas.Blazor\GreatIdeas.Blazor.csproj", "{E275B72B-5569-4F0F-9AC1-A4F8CDAA865C}"
EndProject
Project("{9A19103F-16F7-4668-BE54-9A1E7A4F7556}") = "GreatIdeas.Blazor.MudComponents", "GreatIdeas.Blazor.MudBlazor\GreatIdeas.Blazor.MudComponents.csproj", "{06F3A233-8D79-4775-A362-A77DE02860A1}"
EndProject
Global
	GlobalSection(SolutionConfigurationPlatforms) = preSolution
		Debug|Any CPU = Debug|Any CPU
		Release|Any CPU = Release|Any CPU
	EndGlobalSection
	GlobalSection(ProjectConfigurationPlatforms) = postSolution
		{E275B72B-5569-4F0F-9AC1-A4F8CDAA865C}.Debug|Any CPU.ActiveCfg = Debug|Any CPU
		{E275B72B-5569-4F0F-9AC1-A4F8CDAA865C}.Debug|Any CPU.Build.0 = Debug|Any CPU
		{E275B72B-5569-4F0F-9AC1-A4F8CDAA865C}.Release|Any CPU.ActiveCfg = Release|Any CPU
		{E275B72B-5569-4F0F-9AC1-A4F8CDAA865C}.Release|Any CPU.Build.0 = Release|Any CPU
		{06F3A233-8D79-4775-A362-A77DE02860A1}.Debug|Any CPU.ActiveCfg = Debug|Any CPU
		{06F3A233-8D79-4775-A362-A77DE02860A1}.Debug|Any CPU.Build.0 = Debug|Any CPU
		{06F3A233-8D79-4775-A362-A77DE02860A1}.Release|Any CPU.ActiveCfg = Release|Any CPU
		{06F3A233-8D79-4775-A362-A77DE02860A1}.Release|Any CPU.Build.0 = Release|Any CPU
	EndGlobalSection
	GlobalSection(SolutionProperties) = preSolution
		HideSolutionNode = FALSE
	EndGlobalSection
	GlobalSection(ExtensibilityGlobals) = postSolution
		SolutionGuid = {5D6AA988-F21E-494E-BB3B-72E79E19FFFF}
	EndGlobalSection
EndGlobal
